
Microsoft Visual Studio Solution File, Format Version 12.00
# Visual Studio Version 16
VisualStudioVersion = 16.0.30011.22
MinimumVisualStudioVersion = 10.0.40219.1
Project("{FAE04EC0-301F-11D3-BF4B-00C04F79EFBC}") = "ProyectoFinal_EDII", "ProyectoFinal_EDII\ProyectoFinal_EDII.csproj", "{CF62678E-96BD-439C-9462-A7E0629844BD}"
EndProject
Global
	GlobalSection(SolutionConfigurationPlatforms) = preSolution
		Debug|Any CPU = Debug|Any CPU
		Release|Any CPU = Release|Any CPU
	EndGlobalSection
	GlobalSection(ProjectConfigurationPlatforms) = postSolution
		{CF62678E-96BD-439C-9462-A7E0629844BD}.Debug|Any CPU.ActiveCfg = Debug|Any CPU
		{CF62678E-96BD-439C-9462-A7E0629844BD}.Debug|Any CPU.Build.0 = Debug|Any CPU
		{CF62678E-96BD-439C-9462-A7E0629844BD}.Release|Any CPU.ActiveCfg = Release|Any CPU
		{CF62678E-96BD-439C-9462-A7E0629844BD}.Release|Any CPU.Build.0 = Release|Any CPU
	EndGlobalSection
	GlobalSection(SolutionProperties) = preSolution
		HideSolutionNode = FALSE
	EndGlobalSection
	GlobalSection(ExtensibilityGlobals) = postSolution
		SolutionGuid = {4D980E96-8E47-4B74-8B08-15601D30B756}
	EndGlobalSection
EndGlobal
