
Microsoft Visual Studio Solution File, Format Version 12.00
# Visual Studio Version 16
VisualStudioVersion = 16.0.30002.166
MinimumVisualStudioVersion = 10.0.40219.1
Project("{FAE04EC0-301F-11D3-BF4B-00C04F79EFBC}") = "Lab06_EDII", "Lab06_EDII\Lab06_EDII.csproj", "{F2DBA6B3-844B-4907-ADA3-B384F80F44E5}"
EndProject
Global
	GlobalSection(SolutionConfigurationPlatforms) = preSolution
		Debug|Any CPU = Debug|Any CPU
		Release|Any CPU = Release|Any CPU
	EndGlobalSection
	GlobalSection(ProjectConfigurationPlatforms) = postSolution
		{F2DBA6B3-844B-4907-ADA3-B384F80F44E5}.Debug|Any CPU.ActiveCfg = Debug|Any CPU
		{F2DBA6B3-844B-4907-ADA3-B384F80F44E5}.Debug|Any CPU.Build.0 = Debug|Any CPU
		{F2DBA6B3-844B-4907-ADA3-B384F80F44E5}.Release|Any CPU.ActiveCfg = Release|Any CPU
		{F2DBA6B3-844B-4907-ADA3-B384F80F44E5}.Release|Any CPU.Build.0 = Release|Any CPU
	EndGlobalSection
	GlobalSection(SolutionProperties) = preSolution
		HideSolutionNode = FALSE
	EndGlobalSection
	GlobalSection(ExtensibilityGlobals) = postSolution
		SolutionGuid = {696172A7-9337-4959-9CD5-95120EBC9E0A}
	EndGlobalSection
EndGlobal
